
Microsoft Visual Studio Solution File, Format Version 12.00
# Visual Studio Version 17
VisualStudioVersion = 17.13.35828.75
MinimumVisualStudioVersion = 10.0.40219.1
Project("{FAE04EC0-301F-11D3-BF4B-00C04F79EFBC}") = "Teste Pratico IAGRO", "Teste Pratico IAGRO\Teste Pratico IAGRO.csproj", "{1190E47A-AFE9-43E6-9699-9356ECF9BAB8}"
EndProject
Project("{FAE04EC0-301F-11D3-BF4B-00C04F79EFBC}") = "TestePraticoIAGRO.Teste", "TestePraticoIAGRO.Tests\TestePraticoIAGRO.Teste.csproj", "{5460D802-BAB4-4D40-8A6E-D3D746AFD977}"
EndProject
Global
	GlobalSection(SolutionConfigurationPlatforms) = preSolution
		Debug|Any CPU = Debug|Any CPU
		Release|Any CPU = Release|Any CPU
	EndGlobalSection
	GlobalSection(ProjectConfigurationPlatforms) = postSolution
		{1190E47A-AFE9-43E6-9699-9356ECF9BAB8}.Debug|Any CPU.ActiveCfg = Debug|Any CPU
		{1190E47A-AFE9-43E6-9699-9356ECF9BAB8}.Debug|Any CPU.Build.0 = Debug|Any CPU
		{1190E47A-AFE9-43E6-9699-9356ECF9BAB8}.Release|Any CPU.ActiveCfg = Release|Any CPU
		{1190E47A-AFE9-43E6-9699-9356ECF9BAB8}.Release|Any CPU.Build.0 = Release|Any CPU
		{5460D802-BAB4-4D40-8A6E-D3D746AFD977}.Debug|Any CPU.ActiveCfg = Debug|Any CPU
		{5460D802-BAB4-4D40-8A6E-D3D746AFD977}.Debug|Any CPU.Build.0 = Debug|Any CPU
		{5460D802-BAB4-4D40-8A6E-D3D746AFD977}.Release|Any CPU.ActiveCfg = Release|Any CPU
		{5460D802-BAB4-4D40-8A6E-D3D746AFD977}.Release|Any CPU.Build.0 = Release|Any CPU
	EndGlobalSection
	GlobalSection(SolutionProperties) = preSolution
		HideSolutionNode = FALSE
	EndGlobalSection
	GlobalSection(ExtensibilityGlobals) = postSolution
		SolutionGuid = {9E3FF174-C70F-49D4-AF9C-672AB6B88F52}
	EndGlobalSection
EndGlobal
